# This file is automatically @generated by Cargo.
# It is not intended for manual editing.
version = 4

[[package]]
name = "fenestra-ui"
version = "0.1.0"

[[package]]
name = "fenestra-ui-exp-0001-native-spine"
version = "0.1.0"
dependencies = [
 "fenestra-ui-runtime",
 "fenestra-ui-testkit",
]

[[package]]
name = "fenestra-ui-exp-0001-spine"
version = "0.1.0"
dependencies = [
 "fenestra-ui-ir",
 "fenestra-ui-runtime",
 "fenestra-ui-testkit",
]

[[package]]
name = "fenestra-ui-ir"
version = "0.1.0"

[[package]]
name = "fenestra-ui-runtime"
version = "0.1.0"
dependencies = [
 "fenestra-ui-ir",
]

[[package]]
name = "fenestra-ui-testkit"
version = "0.1.0"
dependencies = [
 "fenestra-ui-ir",
 "fenestra-ui-runtime",
]
